<Solution>
  <Folder Name="/src/">
    <Project Path="src/WorktreeSweep/WorktreeSweep.csproj" />
    <Project Path="src/WorktreeSweep.Core/WorktreeSweep.Core.csproj" />
  </Folder>
  <Folder Name="/tests/">
    <Project Path="tests/WorktreeSweep.Tests/WorktreeSweep.Tests.csproj" />
  </Folder>
</Solution>
